# THIS IS AN AUTOGENERATED FILE. DO NOT EDIT THIS FILE DIRECTLY.
# yarn lockfile v1


jquery@1.12.4:
  version "1.12.4"
  resolved "http://registry.npm.taobao.org/jquery/download/jquery-1.12.4.tgz#01e1dfba290fe73deba77ceeacb0f9ba2fec9e0c"

zepto@^1.2.0:
  version "1.2.0"
  resolved "http://registry.npm.taobao.org/zepto/download/zepto-1.2.0.tgz#e127bd9e66fd846be5eab48c1394882f7c0e4f98"
